// !$*UTF8*$!
{
	archiveVersion = 1;
	classes = {
	};
	objectVersion = 46;
	objects = {

/* Begin PBXBuildFile section */
		3F5048881CA91B9400FBD743 /* ResultViewController.m in Sources */ = {isa = PBXBuildFile; fileRef = 3F5048871CA91B9400FBD743 /* ResultViewController.m */; };
		785643551CA9048A008902C7 /* main.m in Sources */ = {isa = PBXBuildFile; fileRef = 785643541CA9048A008902C7 /* main.m */; };
		785643581CA9048A008902C7 /* AppDelegate.m in Sources */ = {isa = PBXBuildFile; fileRef = 785643571CA9048A008902C7 /* AppDelegate.m */; };
		7856435B1CA9048A008902C7 /* RootViewController.m in Sources */ = {isa = PBXBuildFile; fileRef = 7856435A1CA9048A008902C7 /* RootViewController.m */; };
		7856435E1CA9048A008902C7 /* Main.storyboard in Resources */ = {isa = PBXBuildFile; fileRef = 7856435C1CA9048A008902C7 /* Main.storyboard */; };
		785643601CA9048A008902C7 /* Assets.xcassets in Resources */ = {isa = PBXBuildFile; fileRef = 7856435F1CA9048A008902C7 /* Assets.xcassets */; };
		785643631CA9048A008902C7 /* LaunchScreen.storyboard in Resources */ = {isa = PBXBuildFile; fileRef = 785643611CA9048A008902C7 /* LaunchScreen.storyboard */; };
		7856436C1CA90B5E008902C7 /* EnterRepetitionViewController.m in Sources */ = {isa = PBXBuildFile; fileRef = 7856436B1CA90B5E008902C7 /* EnterRepetitionViewController.m */; };
/* End PBXBuildFile section */

/* Begin PBXFileReference section */
		3F5048861CA91B9400FBD743 /* ResultViewController.h */ = {isa = PBXFileReference; fileEncoding = 4; lastKnownFileType = sourcecode.c.h; path = ResultViewController.h; sourceTree = "<group>"; };
		3F5048871CA91B9400FBD743 /* ResultViewController.m */ = {isa = PBXFileReference; fileEncoding = 4; lastKnownFileType = sourcecode.c.objc; path = ResultViewController.m; sourceTree = "<group>"; };
		785643501CA9048A008902C7 /* AmnesiacDeafAunty.app */ = {isa = PBXFileReference; explicitFileType = wrapper.application; includeInIndex = 0; path = AmnesiacDeafAunty.app; sourceTree = BUILT_PRODUCTS_DIR; };
		785643541CA9048A008902C7 /* main.m */ = {isa = PBXFileReference; lastKnownFileType = sourcecode.c.objc; path = main.m; sourceTree = "<group>"; };
		785643561CA9048A008902C7 /* AppDelegate.h */ = {isa = PBXFileReference; lastKnownFileType = sourcecode.c.h; path = AppDelegate.h; sourceTree = "<group>"; };
		785643571CA9048A008902C7 /* AppDelegate.m */ = {isa = PBXFileReference; lastKnownFileType = sourcecode.c.objc; path = AppDelegate.m; sourceTree = "<group>"; };
		785643591CA9048A008902C7 /* RootViewController.h */ = {isa = PBXFileReference; lastKnownFileType = sourcecode.c.h; path = RootViewController.h; sourceTree = "<group>"; };
		7856435A1CA9048A008902C7 /* RootViewController.m */ = {isa = PBXFileReference; lastKnownFileType = sourcecode.c.objc; path = RootViewController.m; sourceTree = "<group>"; };
		7856435D1CA9048A008902C7 /* Base */ = {isa = PBXFileReference; lastKnownFileType = file.storyboard; name = Base; path = Base.lproj/Main.storyboard; sourceTree = "<group>"; };
		7856435F1CA9048A008902C7 /* Assets.xcassets */ = {isa = PBXFileReference; lastKnownFileType = folder.assetcatalog; path = Assets.xcassets; sourceTree = "<group>"; };
		785643621CA9048A008902C7 /* Base */ = {isa = PBXFileReference; lastKnownFileType = file.storyboard; name = Base; path = Base.lproj/LaunchScreen.storyboard; sourceTree = "<group>"; };
		785643641CA9048A008902C7 /* Info.plist */ = {isa = PBXFileReference; lastKnownFileType = text.plist.xml; path = Info.plist; sourceTree = "<group>"; };
		7856436A1CA90B5E008902C7 /* EnterRepetitionViewController.h */ = {isa = PBXFileReference; fileEncoding = 4; lastKnownFileType = sourcecode.c.h; path = EnterRepetitionViewController.h; sourceTree = "<group>"; };
		7856436B1CA90B5E008902C7 /* EnterRepetitionViewController.m */ = {isa = PBXFileReference; fileEncoding = 4; lastKnownFileType = sourcecode.c.objc; path = EnterRepetitionViewController.m; sourceTree = "<group>"; };
/* End PBXFileReference section */

/* Begin PBXFrameworksBuildPhase section */
		7856434D1CA9048A008902C7 /* Frameworks */ = {
			isa = PBXFrameworksBuildPhase;
			buildActionMask = 2147483647;
			files = (
			);
			runOnlyForDeploymentPostprocessing = 0;
		};
/* End PBXFrameworksBuildPhase section */

/* Begin PBXGroup section */
		785643471CA9048A008902C7 = {
			isa = PBXGroup;
			children = (
				785643521CA9048A008902C7 /* AmnesiacDeafAunty */,
				785643511CA9048A008902C7 /* Products */,
			);
			sourceTree = "<group>";
		};
		785643511CA9048A008902C7 /* Products */ = {
			isa = PBXGroup;
			children = (
				785643501CA9048A008902C7 /* AmnesiacDeafAunty.app */,
			);
			name = Products;
			sourceTree = "<group>";
		};
		785643521CA9048A008902C7 /* AmnesiacDeafAunty */ = {
			isa = PBXGroup;
			children = (
				785643561CA9048A008902C7 /* AppDelegate.h */,
				785643571CA9048A008902C7 /* AppDelegate.m */,
				785643591CA9048A008902C7 /* RootViewController.h */,
				7856435A1CA9048A008902C7 /* RootViewController.m */,
				7856435C1CA9048A008902C7 /* Main.storyboard */,
				3F5048861CA91B9400FBD743 /* ResultViewController.h */,
				3F5048871CA91B9400FBD743 /* ResultViewController.m */,
				7856436A1CA90B5E008902C7 /* EnterRepetitionViewController.h */,
				7856436B1CA90B5E008902C7 /* EnterRepetitionViewController.m */,
				7856435F1CA9048A008902C7 /* Assets.xcassets */,
				785643611CA9048A008902C7 /* LaunchScreen.storyboard */,
				785643641CA9048A008902C7 /* Info.plist */,
				785643531CA9048A008902C7 /* Supporting Files */,
			);
			path = AmnesiacDeafAunty;
			sourceTree = "<group>";
		};
		785643531CA9048A008902C7 /* Supporting Files */ = {
			isa = PBXGroup;
			children = (
				785643541CA9048A008902C7 /* main.m */,
			);
			name = "Supporting Files";
			sourceTree = "<group>";
		};
/* End PBXGroup section */

/* Begin PBXNativeTarget section */
		7856434F1CA9048A008902C7 /* AmnesiacDeafAunty */ = {
			isa = PBXNativeTarget;
			buildConfigurationList = 785643671CA9048A008902C7 /* Build configuration list for PBXNativeTarget "AmnesiacDeafAunty" */;
			buildPhases = (
				7856434C1CA9048A008902C7 /* Sources */,
				7856434D1CA9048A008902C7 /* Frameworks */,
				7856434E1CA9048A008902C7 /* Resources */,
			);
			buildRules = (
			);
			dependencies = (
			);
			name = AmnesiacDeafAunty;
			productName = AmnesiacDeafAunty;
			productReference = 785643501CA9048A008902C7 /* AmnesiacDeafAunty.app */;
			productType = "com.apple.product-type.application";
		};
/* End PBXNativeTarget section */

/* Begin PBXProject section */
		785643481CA9048A008902C7 /* Project object */ = {
			isa = PBXProject;
			attributes = {
				LastUpgradeCheck = 0730;
				ORGANIZATIONNAME = "WIL SON CHUAH";
				TargetAttributes = {
					7856434F1CA9048A008902C7 = {
						CreatedOnToolsVersion = 7.3;
					};
				};
			};
			buildConfigurationList = 7856434B1CA9048A008902C7 /* Build configuration list for PBXProject "AmnesiacDeafAunty" */;
			compatibilityVersion = "Xcode 3.2";
			developmentRegion = English;
			hasScannedForEncodings = 0;
			knownRegions = (
				en,
				Base,
			);
			mainGroup = 785643471CA9048A008902C7;
			productRefGroup = 785643511CA9048A008902C7 /* Products */;
			projectDirPath = "";
			projectRoot = "";
			targets = (
				7856434F1CA9048A008902C7 /* AmnesiacDeafAunty */,
			);
		};
/* End PBXProject section */

/* Begin PBXResourcesBuildPhase section */
		7856434E1CA9048A008902C7 /* Resources */ = {
			isa = PBXResourcesBuildPhase;
			buildActionMask = 2147483647;
			files = (
				785643631CA9048A008902C7 /* LaunchScreen.storyboard in Resources */,
				785643601CA9048A008902C7 /* Assets.xcassets in Resources */,
				7856435E1CA9048A008902C7 /* Main.storyboard in Resources */,
			);
			runOnlyForDeploymentPostprocessing = 0;
		};
/* End PBXResourcesBuildPhase section */

/* Begin PBXSourcesBuildPhase section */
		7856434C1CA9048A008902C7 /* Sources */ = {
			isa = PBXSourcesBuildPhase;
			buildActionMask = 2147483647;
			files = (
				7856435B1CA9048A008902C7 /* RootViewController.m in Sources */,
				785643581CA9048A008902C7 /* AppDelegate.m in Sources */,
				7856436C1CA90B5E008902C7 /* EnterRepetitionViewController.m in Sources */,
				3F5048881CA91B9400FBD743 /* ResultViewController.m in Sources */,
				785643551CA9048A008902C7 /* main.m in Sources */,
			);
			runOnlyForDeploymentPostprocessing = 0;
		};
/* End PBXSourcesBuildPhase section */

/* Begin PBXVariantGroup section */
		7856435C1CA9048A008902C7 /* Main.storyboard */ = {
			isa = PBXVariantGroup;
			children = (
				7856435D1CA9048A008902C7 /* Base */,
			);
			name = Main.storyboard;
			sourceTree = "<group>";
		};
		785643611CA9048A008902C7 /* LaunchScreen.storyboard */ = {
			isa = PBXVariantGroup;
			children = (
				785643621CA9048A008902C7 /* Base */,
			);
			name = LaunchScreen.storyboard;
			sourceTree = "<group>";
		};
/* End PBXVariantGroup section */

/* Begin XCBuildConfiguration section */
		785643651CA9048A008902C7 /* Debug */ = {
			isa = XCBuildConfiguration;
			buildSettings = {
				ALWAYS_SEARCH_USER_PATHS = NO;
				CLANG_ANALYZER_NONNULL = YES;
				CLANG_CXX_LANGUAGE_STANDARD = "gnu++0x";
				CLANG_CXX_LIBRARY = "libc++";
				CLANG_ENABLE_MODULES = YES;
				CLANG_ENABLE_OBJC_ARC = YES;
				CLANG_WARN_BOOL_CONVERSION = YES;
				CLANG_WARN_CONSTANT_CONVERSION = YES;
				CLANG_WARN_DIRECT_OBJC_ISA_USAGE = YES_ERROR;
				CLANG_WARN_EMPTY_BODY = YES;
				CLANG_WARN_ENUM_CONVERSION = YES;
				CLANG_WARN_INT_CONVERSION = YES;
				CLANG_WARN_OBJC_ROOT_CLASS = YES_ERROR;
				CLANG_WARN_UNREACHABLE_CODE = YES;
				CLANG_WARN__DUPLICATE_METHOD_MATCH = YES;
				"CODE_SIGN_IDENTITY[sdk=iphoneos*]" = "iPhone Developer";
				COPY_PHASE_STRIP = NO;
				DEBUG_INFORMATION_FORMAT = dwarf;
				ENABLE_STRICT_OBJC_MSGSEND = YES;
				ENABLE_TESTABILITY = YES;
				GCC_C_LANGUAGE_STANDARD = gnu99;
				GCC_DYNAMIC_NO_PIC = NO;
				GCC_NO_COMMON_BLOCKS = YES;
				GCC_OPTIMIZATION_LEVEL = 0;
				GCC_PREPROCESSOR_DEFINITIONS = (
					"DEBUG=1",
					"$(inherited)",
				);
				GCC_WARN_64_TO_32_BIT_CONVERSION = YES;
				GCC_WARN_ABOUT_RETURN_TYPE = YES_ERROR;
				GCC_WARN_UNDECLARED_SELECTOR = YES;
				GCC_WARN_UNINITIALIZED_AUTOS = YES_AGGRESSIVE;
				GCC_WARN_UNUSED_FUNCTION = YES;
				GCC_WARN_UNUSED_VARIABLE = YES;
				IPHONEOS_DEPLOYMENT_TARGET = 9.3;
				MTL_ENABLE_DEBUG_INFO = YES;
				ONLY_ACTIVE_ARCH = YES;
				SDKROOT = iphoneos;
				TARGETED_DEVICE_FAMILY = "1,2";
			};
			name = Debug;
		};
		785643661CA9048A008902C7 /* Release */ = {
			isa = XCBuildConfiguration;
			buildSettings = {
				ALWAYS_SEARCH_USER_PATHS = NO;
				CLANG_ANALYZER_NONNULL = YES;
				CLANG_CXX_LANGUAGE_STANDARD = "gnu++0x";
				CLANG_CXX_LIBRARY = "libc++";
				CLANG_ENABLE_MODULES = YES;
				CLANG_ENABLE_OBJC_ARC = YES;
				CLANG_WARN_BOOL_CONVERSION = YES;
				CLANG_WARN_CONSTANT_CONVERSION = YES;
				CLANG_WARN_DIRECT_OBJC_ISA_USAGE = YES_ERROR;
				CLANG_WARN_EMPTY_BODY = YES;
				CLANG_WARN_ENUM_CONVERSION = YES;
				CLANG_WARN_INT_CONVERSION = YES;
				CLANG_WARN_OBJC_ROOT_CLASS = YES_ERROR;
				CLANG_WARN_UNREACHABLE_CODE = YES;
				CLANG_WARN__DUPLICATE_METHOD_MATCH = YES;
				"CODE_SIGN_IDENTITY[sdk=iphoneos*]" = "iPhone Developer";
				COPY_PHASE_STRIP = NO;
				DEBUG_INFORMATION_FORMAT = "dwarf-with-dsym";
				ENABLE_NS_ASSERTIONS = NO;
				ENABLE_STRICT_OBJC_MSGSEND = YES;
				GCC_C_LANGUAGE_STANDARD = gnu99;
				GCC_NO_COMMON_BLOCKS = YES;
				GCC_WARN_64_TO_32_BIT_CONVERSION = YES;
				GCC_WARN_ABOUT_RETURN_TYPE = YES_ERROR;
				GCC_WARN_UNDECLARED_SELECTOR = YES;
				GCC_WARN_UNINITIALIZED_AUTOS = YES_AGGRESSIVE;
				GCC_WARN_UNUSED_FUNCTION = YES;
				GCC_WARN_UNUSED_VARIABLE = YES;
				IPHONEOS_DEPLOYMENT_TARGET = 9.3;
				MTL_ENABLE_DEBUG_INFO = NO;
				SDKROOT = iphoneos;
				TARGETED_DEVICE_FAMILY = "1,2";
				VALIDATE_PRODUCT = YES;
			};
			name = Release;
		};
		785643681CA9048A008902C7 /* Debug */ = {
			isa = XCBuildConfiguration;
			buildSettings = {
				ASSETCATALOG_COMPILER_APPICON_NAME = AppIcon;
				INFOPLIST_FILE = AmnesiacDeafAunty/Info.plist;
				LD_RUNPATH_SEARCH_PATHS = "$(inherited) @executable_path/Frameworks";
				PRODUCT_BUNDLE_IDENTIFIER = com.nextacademy.AmnesiacDeafAunty;
				PRODUCT_NAME = "$(TARGET_NAME)";
			};
			name = Debug;
		};
		785643691CA9048A008902C7 /* Release */ = {
			isa = XCBuildConfiguration;
			buildSettings = {
				ASSETCATALOG_COMPILER_APPICON_NAME = AppIcon;
				INFOPLIST_FILE = AmnesiacDeafAunty/Info.plist;
				LD_RUNPATH_SEARCH_PATHS = "$(inherited) @executable_path/Frameworks";
				PRODUCT_BUNDLE_IDENTIFIER = com.nextacademy.AmnesiacDeafAunty;
				PRODUCT_NAME = "$(TARGET_NAME)";
			};
			name = Release;
		};
/* End XCBuildConfiguration section */

/* Begin XCConfigurationList section */
		7856434B1CA9048A008902C7 /* Build configuration list for PBXProject "AmnesiacDeafAunty" */ = {
			isa = XCConfigurationList;
			buildConfigurations = (
				785643651CA9048A008902C7 /* Debug */,
				785643661CA9048A008902C7 /* Release */,
			);
			defaultConfigurationIsVisible = 0;
			defaultConfigurationName = Release;
		};
		785643671CA9048A008902C7 /* Build configuration list for PBXNativeTarget "AmnesiacDeafAunty" */ = {
			isa = XCConfigurationList;
			buildConfigurations = (
				785643681CA9048A008902C7 /* Debug */,
				785643691CA9048A008902C7 /* Release */,
			);
			defaultConfigurationIsVisible = 0;
			defaultConfigurationName = Release;
		};
/* End XCConfigurationList section */
	};
	rootObject = 785643481CA9048A008902C7 /* Project object */;
}
